
Microsoft Visual Studio Solution File, Format Version 12.00
# Visual Studio 15
VisualStudioVersion = 15.0.26124.0
MinimumVisualStudioVersion = 15.0.26124.0
Project("{FAE04EC0-301F-11D3-BF4B-00C04F79EFBC}") = "Bones3", "Bones3\Bones3.csproj", "{F094B607-B135-4BDD-917F-427088042B55}"
EndProject
Project("{FAE04EC0-301F-11D3-BF4B-00C04F79EFBC}") = "Test", "Test\Test.csproj", "{57709532-FA5F-4E66-BA52-B09DE0158BA3}"
EndProject
Global
	GlobalSection(SolutionConfigurationPlatforms) = preSolution
		Debug|Any CPU = Debug|Any CPU
		Debug|x64 = Debug|x64
		Debug|x86 = Debug|x86
		Release|Any CPU = Release|Any CPU
		Release|x64 = Release|x64
		Release|x86 = Release|x86
	EndGlobalSection
	GlobalSection(SolutionProperties) = preSolution
		HideSolutionNode = FALSE
	EndGlobalSection
	GlobalSection(ProjectConfigurationPlatforms) = postSolution
		{F094B607-B135-4BDD-917F-427088042B55}.Debug|Any CPU.ActiveCfg = Debug|Any CPU
		{F094B607-B135-4BDD-917F-427088042B55}.Debug|Any CPU.Build.0 = Debug|Any CPU
		{F094B607-B135-4BDD-917F-427088042B55}.Debug|x64.ActiveCfg = Debug|Any CPU
		{F094B607-B135-4BDD-917F-427088042B55}.Debug|x64.Build.0 = Debug|Any CPU
		{F094B607-B135-4BDD-917F-427088042B55}.Debug|x86.ActiveCfg = Debug|Any CPU
		{F094B607-B135-4BDD-917F-427088042B55}.Debug|x86.Build.0 = Debug|Any CPU
		{F094B607-B135-4BDD-917F-427088042B55}.Release|Any CPU.ActiveCfg = Release|Any CPU
		{F094B607-B135-4BDD-917F-427088042B55}.Release|Any CPU.Build.0 = Release|Any CPU
		{F094B607-B135-4BDD-917F-427088042B55}.Release|x64.ActiveCfg = Release|Any CPU
		{F094B607-B135-4BDD-917F-427088042B55}.Release|x64.Build.0 = Release|Any CPU
		{F094B607-B135-4BDD-917F-427088042B55}.Release|x86.ActiveCfg = Release|Any CPU
		{F094B607-B135-4BDD-917F-427088042B55}.Release|x86.Build.0 = Release|Any CPU
		{25931600-ABE9-4428-86AB-DB4C12D432EF}.Debug|Any CPU.ActiveCfg = Debug|Any CPU
		{25931600-ABE9-4428-86AB-DB4C12D432EF}.Debug|Any CPU.Build.0 = Debug|Any CPU
		{25931600-ABE9-4428-86AB-DB4C12D432EF}.Debug|x64.ActiveCfg = Debug|Any CPU
		{25931600-ABE9-4428-86AB-DB4C12D432EF}.Debug|x64.Build.0 = Debug|Any CPU
		{25931600-ABE9-4428-86AB-DB4C12D432EF}.Debug|x86.ActiveCfg = Debug|Any CPU
		{25931600-ABE9-4428-86AB-DB4C12D432EF}.Debug|x86.Build.0 = Debug|Any CPU
		{25931600-ABE9-4428-86AB-DB4C12D432EF}.Release|Any CPU.ActiveCfg = Release|Any CPU
		{25931600-ABE9-4428-86AB-DB4C12D432EF}.Release|Any CPU.Build.0 = Release|Any CPU
		{25931600-ABE9-4428-86AB-DB4C12D432EF}.Release|x64.ActiveCfg = Release|Any CPU
		{25931600-ABE9-4428-86AB-DB4C12D432EF}.Release|x64.Build.0 = Release|Any CPU
		{25931600-ABE9-4428-86AB-DB4C12D432EF}.Release|x86.ActiveCfg = Release|Any CPU
		{25931600-ABE9-4428-86AB-DB4C12D432EF}.Release|x86.Build.0 = Release|Any CPU
		{57709532-FA5F-4E66-BA52-B09DE0158BA3}.Debug|Any CPU.ActiveCfg = Debug|Any CPU
		{57709532-FA5F-4E66-BA52-B09DE0158BA3}.Debug|Any CPU.Build.0 = Debug|Any CPU
		{57709532-FA5F-4E66-BA52-B09DE0158BA3}.Debug|x64.ActiveCfg = Debug|Any CPU
		{57709532-FA5F-4E66-BA52-B09DE0158BA3}.Debug|x64.Build.0 = Debug|Any CPU
		{57709532-FA5F-4E66-BA52-B09DE0158BA3}.Debug|x86.ActiveCfg = Debug|Any CPU
		{57709532-FA5F-4E66-BA52-B09DE0158BA3}.Debug|x86.Build.0 = Debug|Any CPU
		{57709532-FA5F-4E66-BA52-B09DE0158BA3}.Release|Any CPU.ActiveCfg = Release|Any CPU
		{57709532-FA5F-4E66-BA52-B09DE0158BA3}.Release|Any CPU.Build.0 = Release|Any CPU
		{57709532-FA5F-4E66-BA52-B09DE0158BA3}.Release|x64.ActiveCfg = Release|Any CPU
		{57709532-FA5F-4E66-BA52-B09DE0158BA3}.Release|x64.Build.0 = Release|Any CPU
		{57709532-FA5F-4E66-BA52-B09DE0158BA3}.Release|x86.ActiveCfg = Release|Any CPU
		{57709532-FA5F-4E66-BA52-B09DE0158BA3}.Release|x86.Build.0 = Release|Any CPU
	EndGlobalSection
EndGlobal
